
Microsoft Visual Studio Solution File, Format Version 12.00
# Visual Studio Version 17
VisualStudioVersion = 17.2.32505.173
MinimumVisualStudioVersion = 10.0.40219.1
Project("{FAE04EC0-301F-11D3-BF4B-00C04F79EFBC}") = "TwBot", "TwBot\TwBot.csproj", "{750105D9-264A-4194-BA93-FC0F3C32B903}"
EndProject
Global
	GlobalSection(SolutionConfigurationPlatforms) = preSolution
		Debug|Any CPU = Debug|Any CPU
		Release|Any CPU = Release|Any CPU
	EndGlobalSection
	GlobalSection(ProjectConfigurationPlatforms) = postSolution
		{750105D9-264A-4194-BA93-FC0F3C32B903}.Debug|Any CPU.ActiveCfg = Debug|Any CPU
		{750105D9-264A-4194-BA93-FC0F3C32B903}.Debug|Any CPU.Build.0 = Debug|Any CPU
		{750105D9-264A-4194-BA93-FC0F3C32B903}.Release|Any CPU.ActiveCfg = Release|Any CPU
		{750105D9-264A-4194-BA93-FC0F3C32B903}.Release|Any CPU.Build.0 = Release|Any CPU
	EndGlobalSection
	GlobalSection(SolutionProperties) = preSolution
		HideSolutionNode = FALSE
	EndGlobalSection
	GlobalSection(ExtensibilityGlobals) = postSolution
		SolutionGuid = {39584D59-D9F8-436C-90F2-B80D81EBE0C3}
	EndGlobalSection
EndGlobal
